
Microsoft Visual Studio Solution File, Format Version 12.00
# Visual Studio Version 16
VisualStudioVersion = 16.0.31729.503
MinimumVisualStudioVersion = 10.0.40219.1
Project("{9A19103F-16F7-4668-BE54-9A1E7A4F7556}") = "ProjetoContaBancaria", "ProjetobancoCorrecao\ProjetoContaBancaria.csproj", "{06366D5A-7D28-478B-9A90-2CFDCF58D4EB}"
EndProject
Global
	GlobalSection(SolutionConfigurationPlatforms) = preSolution
		Debug|Any CPU = Debug|Any CPU
		Release|Any CPU = Release|Any CPU
	EndGlobalSection
	GlobalSection(ProjectConfigurationPlatforms) = postSolution
		{06366D5A-7D28-478B-9A90-2CFDCF58D4EB}.Debug|Any CPU.ActiveCfg = Debug|Any CPU
		{06366D5A-7D28-478B-9A90-2CFDCF58D4EB}.Debug|Any CPU.Build.0 = Debug|Any CPU
		{06366D5A-7D28-478B-9A90-2CFDCF58D4EB}.Release|Any CPU.ActiveCfg = Release|Any CPU
		{06366D5A-7D28-478B-9A90-2CFDCF58D4EB}.Release|Any CPU.Build.0 = Release|Any CPU
	EndGlobalSection
	GlobalSection(SolutionProperties) = preSolution
		HideSolutionNode = FALSE
	EndGlobalSection
	GlobalSection(ExtensibilityGlobals) = postSolution
		SolutionGuid = {0CB7FFA0-81EE-46E7-AAA9-1B13EEF3A504}
	EndGlobalSection
EndGlobal
